
Microsoft Visual Studio Solution File, Format Version 12.00
# Visual Studio 15
VisualStudioVersion = 15.0.26430.4
MinimumVisualStudioVersion = 10.0.40219.1
Project("{FAE04EC0-301F-11D3-BF4B-00C04F79EFBC}") = "Domain", "Domain\Domain.csproj", "{A3EE69E7-1CFD-4559-B98F-5C3A62355011}"
EndProject
Project("{FAE04EC0-301F-11D3-BF4B-00C04F79EFBC}") = "Tests.Unit", "Tests.Unit\Tests.Unit.csproj", "{ABC525A0-A0A7-434B-AD71-E0068F855CA6}"
	ProjectSection(ProjectDependencies) = postProject
		{A3EE69E7-1CFD-4559-B98F-5C3A62355011} = {A3EE69E7-1CFD-4559-B98F-5C3A62355011}
	EndProjectSection
EndProject
Project("{FAE04EC0-301F-11D3-BF4B-00C04F79EFBC}") = "Persistence", "Persistence\Persistence.csproj", "{99E2AC1F-4B40-4BEC-B268-C037503B881D}"
EndProject
Global
	GlobalSection(SolutionConfigurationPlatforms) = preSolution
		Debug|Any CPU = Debug|Any CPU
		Release|Any CPU = Release|Any CPU
	EndGlobalSection
	GlobalSection(ProjectConfigurationPlatforms) = postSolution
		{A3EE69E7-1CFD-4559-B98F-5C3A62355011}.Debug|Any CPU.ActiveCfg = Debug|Any CPU
		{A3EE69E7-1CFD-4559-B98F-5C3A62355011}.Debug|Any CPU.Build.0 = Debug|Any CPU
		{A3EE69E7-1CFD-4559-B98F-5C3A62355011}.Release|Any CPU.ActiveCfg = Release|Any CPU
		{A3EE69E7-1CFD-4559-B98F-5C3A62355011}.Release|Any CPU.Build.0 = Release|Any CPU
		{ABC525A0-A0A7-434B-AD71-E0068F855CA6}.Debug|Any CPU.ActiveCfg = Debug|Any CPU
		{ABC525A0-A0A7-434B-AD71-E0068F855CA6}.Debug|Any CPU.Build.0 = Debug|Any CPU
		{ABC525A0-A0A7-434B-AD71-E0068F855CA6}.Release|Any CPU.ActiveCfg = Release|Any CPU
		{ABC525A0-A0A7-434B-AD71-E0068F855CA6}.Release|Any CPU.Build.0 = Release|Any CPU
		{99E2AC1F-4B40-4BEC-B268-C037503B881D}.Debug|Any CPU.ActiveCfg = Debug|Any CPU
		{99E2AC1F-4B40-4BEC-B268-C037503B881D}.Debug|Any CPU.Build.0 = Debug|Any CPU
		{99E2AC1F-4B40-4BEC-B268-C037503B881D}.Release|Any CPU.ActiveCfg = Release|Any CPU
		{99E2AC1F-4B40-4BEC-B268-C037503B881D}.Release|Any CPU.Build.0 = Release|Any CPU
	EndGlobalSection
	GlobalSection(SolutionProperties) = preSolution
		HideSolutionNode = FALSE
	EndGlobalSection
EndGlobal
